
Microsoft Visual Studio Solution File, Format Version 12.00
# Visual Studio 15
Project("{FAE04EC0-301F-11D3-BF4B-00C04F79EFBC}") = "EFPostgreSQL", "EFPostgreSQL\EFPostgreSQL.csproj", "{2E6AF8CF-0007-49FE-925B-AA93077D6181}"
EndProject
Project("{FAE04EC0-301F-11D3-BF4B-00C04F79EFBC}") = "Data", "Data\Data.csproj", "{0CBEA6C0-3FCB-4844-91F6-0A04ABD42495}"
EndProject
Global
	GlobalSection(SolutionConfigurationPlatforms) = preSolution
		Debug|Any CPU = Debug|Any CPU
		Release|Any CPU = Release|Any CPU
	EndGlobalSection
	GlobalSection(ProjectConfigurationPlatforms) = postSolution
		{2E6AF8CF-0007-49FE-925B-AA93077D6181}.Debug|Any CPU.ActiveCfg = Debug|Any CPU
		{2E6AF8CF-0007-49FE-925B-AA93077D6181}.Debug|Any CPU.Build.0 = Debug|Any CPU
		{2E6AF8CF-0007-49FE-925B-AA93077D6181}.Release|Any CPU.ActiveCfg = Release|Any CPU
		{2E6AF8CF-0007-49FE-925B-AA93077D6181}.Release|Any CPU.Build.0 = Release|Any CPU
		{0CBEA6C0-3FCB-4844-91F6-0A04ABD42495}.Debug|Any CPU.ActiveCfg = Debug|Any CPU
		{0CBEA6C0-3FCB-4844-91F6-0A04ABD42495}.Debug|Any CPU.Build.0 = Debug|Any CPU
		{0CBEA6C0-3FCB-4844-91F6-0A04ABD42495}.Release|Any CPU.ActiveCfg = Release|Any CPU
		{0CBEA6C0-3FCB-4844-91F6-0A04ABD42495}.Release|Any CPU.Build.0 = Release|Any CPU
	EndGlobalSection
EndGlobal
